
Microsoft Visual Studio Solution File, Format Version 12.00
# Visual Studio Version 17
VisualStudioVersion = 17.11.35327.3
MinimumVisualStudioVersion = 10.0.40219.1
Project("{FAE04EC0-301F-11D3-BF4B-00C04F79EFBC}") = "WpfLab1", "WpfLab1\WpfLab1.csproj", "{71A04388-3985-4D29-B227-8B2FD82BC690}"
EndProject
Global
	GlobalSection(SolutionConfigurationPlatforms) = preSolution
		Debug|Any CPU = Debug|Any CPU
		Release|Any CPU = Release|Any CPU
	EndGlobalSection
	GlobalSection(ProjectConfigurationPlatforms) = postSolution
		{71A04388-3985-4D29-B227-8B2FD82BC690}.Debug|Any CPU.ActiveCfg = Debug|Any CPU
		{71A04388-3985-4D29-B227-8B2FD82BC690}.Debug|Any CPU.Build.0 = Debug|Any CPU
		{71A04388-3985-4D29-B227-8B2FD82BC690}.Release|Any CPU.ActiveCfg = Release|Any CPU
		{71A04388-3985-4D29-B227-8B2FD82BC690}.Release|Any CPU.Build.0 = Release|Any CPU
	EndGlobalSection
	GlobalSection(SolutionProperties) = preSolution
		HideSolutionNode = FALSE
	EndGlobalSection
	GlobalSection(ExtensibilityGlobals) = postSolution
		SolutionGuid = {2687C513-BD07-4271-BF02-6C761AB5747D}
	EndGlobalSection
EndGlobal
